Microsoft Visual Studio Solution File, Format Version 12.00
# Visual Studio Version 17
VisualStudioVersion = 17.5.2.0
MinimumVisualStudioVersion = 10.0.40219.1
Project("{FAE04EC0-301F-11D3-BF4B-00C04F79EFBC}") = "graphics", "graphics.csproj", "{BE370E03-A0F3-5FB5-EA5A-822DC6C4B747}"
EndProject
Global
	GlobalSection(SolutionConfigurationPlatforms) = preSolution
		Debug|Any CPU = Debug|Any CPU
		Release|Any CPU = Release|Any CPU
	EndGlobalSection
	GlobalSection(ProjectConfigurationPlatforms) = postSolution
		{BE370E03-A0F3-5FB5-EA5A-822DC6C4B747}.Debug|Any CPU.ActiveCfg = Debug|Any CPU
		{BE370E03-A0F3-5FB5-EA5A-822DC6C4B747}.Debug|Any CPU.Build.0 = Debug|Any CPU
		{BE370E03-A0F3-5FB5-EA5A-822DC6C4B747}.Release|Any CPU.ActiveCfg = Release|Any CPU
		{BE370E03-A0F3-5FB5-EA5A-822DC6C4B747}.Release|Any CPU.Build.0 = Release|Any CPU
	EndGlobalSection
	GlobalSection(SolutionProperties) = preSolution
		HideSolutionNode = FALSE
	EndGlobalSection
	GlobalSection(ExtensibilityGlobals) = postSolution
		SolutionGuid = {80E17769-AF75-4EEA-B9EF-6D8A498C81B6}
	EndGlobalSection
EndGlobal
